
Microsoft Visual Studio Solution File, Format Version 12.00
# Visual Studio Version 17
VisualStudioVersion = 17.14.36212.18 d17.14
MinimumVisualStudioVersion = 10.0.40219.1
Project("{FAE04EC0-301F-11D3-BF4B-00C04F79EFBC}") = "APIPagingFilterMapperEx", "APIPagingFilterMapperEx\APIPagingFilterMapperEx.csproj", "{331CADE8-8735-4C37-896A-31496EC53D5C}"
EndProject
Global
	GlobalSection(SolutionConfigurationPlatforms) = preSolution
		Debug|Any CPU = Debug|Any CPU
		Release|Any CPU = Release|Any CPU
	EndGlobalSection
	GlobalSection(ProjectConfigurationPlatforms) = postSolution
		{331CADE8-8735-4C37-896A-31496EC53D5C}.Debug|Any CPU.ActiveCfg = Debug|Any CPU
		{331CADE8-8735-4C37-896A-31496EC53D5C}.Debug|Any CPU.Build.0 = Debug|Any CPU
		{331CADE8-8735-4C37-896A-31496EC53D5C}.Release|Any CPU.ActiveCfg = Release|Any CPU
		{331CADE8-8735-4C37-896A-31496EC53D5C}.Release|Any CPU.Build.0 = Release|Any CPU
	EndGlobalSection
	GlobalSection(SolutionProperties) = preSolution
		HideSolutionNode = FALSE
	EndGlobalSection
	GlobalSection(ExtensibilityGlobals) = postSolution
		SolutionGuid = {91A332CE-5F70-4A0D-BD30-63E7EC5539E9}
	EndGlobalSection
EndGlobal
